
Microsoft Visual Studio Solution File, Format Version 12.00
# Visual Studio Version 17
VisualStudioVersion = 17.5.002.0
MinimumVisualStudioVersion = 10.0.40219.1
Project("{9A19103F-16F7-4668-BE54-9A1E7A4F7556}") = "oop demo 2", "oop demo 2.csproj", "{31957400-26B1-439E-8E13-64958BE26B2B}"
EndProject
Global
	GlobalSection(SolutionConfigurationPlatforms) = preSolution
		Debug|Any CPU = Debug|Any CPU
		Release|Any CPU = Release|Any CPU
	EndGlobalSection
	GlobalSection(ProjectConfigurationPlatforms) = postSolution
		{31957400-26B1-439E-8E13-64958BE26B2B}.Debug|Any CPU.ActiveCfg = Debug|Any CPU
		{31957400-26B1-439E-8E13-64958BE26B2B}.Debug|Any CPU.Build.0 = Debug|Any CPU
		{31957400-26B1-439E-8E13-64958BE26B2B}.Release|Any CPU.ActiveCfg = Release|Any CPU
		{31957400-26B1-439E-8E13-64958BE26B2B}.Release|Any CPU.Build.0 = Release|Any CPU
	EndGlobalSection
	GlobalSection(SolutionProperties) = preSolution
		HideSolutionNode = FALSE
	EndGlobalSection
	GlobalSection(ExtensibilityGlobals) = postSolution
		SolutionGuid = {0205DEC8-BCA3-4BE4-95DA-5ABF04DF2B7D}
	EndGlobalSection
EndGlobal
